
Microsoft Visual Studio Solution File, Format Version 12.00
# Visual Studio 14
VisualStudioVersion = 14.0.24720.0
MinimumVisualStudioVersion = 10.0.40219.1
Project("{FAE04EC0-301F-11D3-BF4B-00C04F79EFBC}") = "HttpServ", "HttpServ\HttpServ.csproj", "{BDCD199C-494A-4461-9B28-3A63AADE7BE0}"
EndProject
Project("{FAE04EC0-301F-11D3-BF4B-00C04F79EFBC}") = "SimpleAdaptor", "SimpleAdaptor\SimpleAdaptor.csproj", "{6981868A-1FF8-40BD-9FEC-5D67E99EB9B6}"
EndProject
Project("{FAE04EC0-301F-11D3-BF4B-00C04F79EFBC}") = "Testbed", "Testbed\Testbed.csproj", "{607E5769-5DCC-447D-BBF1-AD833A8998B0}"
EndProject
Project("{8BC9CEB8-8B4A-11D0-8D11-00A0C91BC942}") = "WebSocketParser", "WebSocketParser\WebSocketParser.vcxproj", "{07C76651-3E29-4ADA-8F2E-01A98ACC832E}"
EndProject
Project("{FAE04EC0-301F-11D3-BF4B-00C04F79EFBC}") = "StaticFileAdaptor", "StaticFileAdaptor\StaticFileAdaptor.csproj", "{77DA6F28-D347-4CC8-AAFF-A2FFF0E881F5}"
EndProject
Project("{FAE04EC0-301F-11D3-BF4B-00C04F79EFBC}") = "CgiAdaptor", "CgiAdaptor\CgiAdaptor.csproj", "{F439341C-9F6D-4808-88D9-7F6CB9913D25}"
EndProject
Project("{FAE04EC0-301F-11D3-BF4B-00C04F79EFBC}") = "HttpServ.UnitTests", "HttpServ.UnitTests\HttpServ.UnitTests.csproj", "{96AC1788-A532-481B-916D-F91F80BB9C75}"
EndProject
Global
	GlobalSection(SolutionConfigurationPlatforms) = preSolution
		Debug|Any CPU = Debug|Any CPU
		Debug|x64 = Debug|x64
		Debug|x86 = Debug|x86
		Release|Any CPU = Release|Any CPU
		Release|x64 = Release|x64
		Release|x86 = Release|x86
	EndGlobalSection
	GlobalSection(ProjectConfigurationPlatforms) = postSolution
		{BDCD199C-494A-4461-9B28-3A63AADE7BE0}.Debug|Any CPU.ActiveCfg = Debug|Any CPU
		{BDCD199C-494A-4461-9B28-3A63AADE7BE0}.Debug|Any CPU.Build.0 = Debug|Any CPU
		{BDCD199C-494A-4461-9B28-3A63AADE7BE0}.Debug|x64.ActiveCfg = Debug|Any CPU
		{BDCD199C-494A-4461-9B28-3A63AADE7BE0}.Debug|x64.Build.0 = Debug|Any CPU
		{BDCD199C-494A-4461-9B28-3A63AADE7BE0}.Debug|x86.ActiveCfg = Debug|Any CPU
		{BDCD199C-494A-4461-9B28-3A63AADE7BE0}.Debug|x86.Build.0 = Debug|Any CPU
		{BDCD199C-494A-4461-9B28-3A63AADE7BE0}.Release|Any CPU.ActiveCfg = Release|Any CPU
		{BDCD199C-494A-4461-9B28-3A63AADE7BE0}.Release|Any CPU.Build.0 = Release|Any CPU
		{BDCD199C-494A-4461-9B28-3A63AADE7BE0}.Release|x64.ActiveCfg = Release|Any CPU
		{BDCD199C-494A-4461-9B28-3A63AADE7BE0}.Release|x64.Build.0 = Release|Any CPU
		{BDCD199C-494A-4461-9B28-3A63AADE7BE0}.Release|x86.ActiveCfg = Release|Any CPU
		{BDCD199C-494A-4461-9B28-3A63AADE7BE0}.Release|x86.Build.0 = Release|Any CPU
		{6981868A-1FF8-40BD-9FEC-5D67E99EB9B6}.Debug|Any CPU.ActiveCfg = Debug|Any CPU
		{6981868A-1FF8-40BD-9FEC-5D67E99EB9B6}.Debug|Any CPU.Build.0 = Debug|Any CPU
		{6981868A-1FF8-40BD-9FEC-5D67E99EB9B6}.Debug|x64.ActiveCfg = Debug|Any CPU
		{6981868A-1FF8-40BD-9FEC-5D67E99EB9B6}.Debug|x64.Build.0 = Debug|Any CPU
		{6981868A-1FF8-40BD-9FEC-5D67E99EB9B6}.Debug|x86.ActiveCfg = Debug|Any CPU
		{6981868A-1FF8-40BD-9FEC-5D67E99EB9B6}.Debug|x86.Build.0 = Debug|Any CPU
		{6981868A-1FF8-40BD-9FEC-5D67E99EB9B6}.Release|Any CPU.ActiveCfg = Release|Any CPU
		{6981868A-1FF8-40BD-9FEC-5D67E99EB9B6}.Release|Any CPU.Build.0 = Release|Any CPU
		{6981868A-1FF8-40BD-9FEC-5D67E99EB9B6}.Release|x64.ActiveCfg = Release|Any CPU
		{6981868A-1FF8-40BD-9FEC-5D67E99EB9B6}.Release|x64.Build.0 = Release|Any CPU
		{6981868A-1FF8-40BD-9FEC-5D67E99EB9B6}.Release|x86.ActiveCfg = Release|Any CPU
		{6981868A-1FF8-40BD-9FEC-5D67E99EB9B6}.Release|x86.Build.0 = Release|Any CPU
		{607E5769-5DCC-447D-BBF1-AD833A8998B0}.Debug|Any CPU.ActiveCfg = Debug|Any CPU
		{607E5769-5DCC-447D-BBF1-AD833A8998B0}.Debug|Any CPU.Build.0 = Debug|Any CPU
		{607E5769-5DCC-447D-BBF1-AD833A8998B0}.Debug|x64.ActiveCfg = Debug|Any CPU
		{607E5769-5DCC-447D-BBF1-AD833A8998B0}.Debug|x64.Build.0 = Debug|Any CPU
		{607E5769-5DCC-447D-BBF1-AD833A8998B0}.Debug|x86.ActiveCfg = Debug|Any CPU
		{607E5769-5DCC-447D-BBF1-AD833A8998B0}.Debug|x86.Build.0 = Debug|Any CPU
		{607E5769-5DCC-447D-BBF1-AD833A8998B0}.Release|Any CPU.ActiveCfg = Release|Any CPU
		{607E5769-5DCC-447D-BBF1-AD833A8998B0}.Release|Any CPU.Build.0 = Release|Any CPU
		{607E5769-5DCC-447D-BBF1-AD833A8998B0}.Release|x64.ActiveCfg = Release|Any CPU
		{607E5769-5DCC-447D-BBF1-AD833A8998B0}.Release|x64.Build.0 = Release|Any CPU
		{607E5769-5DCC-447D-BBF1-AD833A8998B0}.Release|x86.ActiveCfg = Release|Any CPU
		{607E5769-5DCC-447D-BBF1-AD833A8998B0}.Release|x86.Build.0 = Release|Any CPU
		{07C76651-3E29-4ADA-8F2E-01A98ACC832E}.Debug|Any CPU.ActiveCfg = Debug|Win32
		{07C76651-3E29-4ADA-8F2E-01A98ACC832E}.Debug|x64.ActiveCfg = Debug|x64
		{07C76651-3E29-4ADA-8F2E-01A98ACC832E}.Debug|x64.Build.0 = Debug|x64
		{07C76651-3E29-4ADA-8F2E-01A98ACC832E}.Debug|x86.ActiveCfg = Debug|Win32
		{07C76651-3E29-4ADA-8F2E-01A98ACC832E}.Debug|x86.Build.0 = Debug|Win32
		{07C76651-3E29-4ADA-8F2E-01A98ACC832E}.Release|Any CPU.ActiveCfg = Release|Win32
		{07C76651-3E29-4ADA-8F2E-01A98ACC832E}.Release|x64.ActiveCfg = Release|x64
		{07C76651-3E29-4ADA-8F2E-01A98ACC832E}.Release|x64.Build.0 = Release|x64
		{07C76651-3E29-4ADA-8F2E-01A98ACC832E}.Release|x86.ActiveCfg = Release|Win32
		{07C76651-3E29-4ADA-8F2E-01A98ACC832E}.Release|x86.Build.0 = Release|Win32
		{77DA6F28-D347-4CC8-AAFF-A2FFF0E881F5}.Debug|Any CPU.ActiveCfg = Debug|Any CPU
		{77DA6F28-D347-4CC8-AAFF-A2FFF0E881F5}.Debug|Any CPU.Build.0 = Debug|Any CPU
		{77DA6F28-D347-4CC8-AAFF-A2FFF0E881F5}.Debug|x64.ActiveCfg = Debug|Any CPU
		{77DA6F28-D347-4CC8-AAFF-A2FFF0E881F5}.Debug|x64.Build.0 = Debug|Any CPU
		{77DA6F28-D347-4CC8-AAFF-A2FFF0E881F5}.Debug|x86.ActiveCfg = Debug|Any CPU
		{77DA6F28-D347-4CC8-AAFF-A2FFF0E881F5}.Debug|x86.Build.0 = Debug|Any CPU
		{77DA6F28-D347-4CC8-AAFF-A2FFF0E881F5}.Release|Any CPU.ActiveCfg = Release|Any CPU
		{77DA6F28-D347-4CC8-AAFF-A2FFF0E881F5}.Release|Any CPU.Build.0 = Release|Any CPU
		{77DA6F28-D347-4CC8-AAFF-A2FFF0E881F5}.Release|x64.ActiveCfg = Release|Any CPU
		{77DA6F28-D347-4CC8-AAFF-A2FFF0E881F5}.Release|x64.Build.0 = Release|Any CPU
		{77DA6F28-D347-4CC8-AAFF-A2FFF0E881F5}.Release|x86.ActiveCfg = Release|Any CPU
		{77DA6F28-D347-4CC8-AAFF-A2FFF0E881F5}.Release|x86.Build.0 = Release|Any CPU
		{F439341C-9F6D-4808-88D9-7F6CB9913D25}.Debug|Any CPU.ActiveCfg = Debug|Any CPU
		{F439341C-9F6D-4808-88D9-7F6CB9913D25}.Debug|Any CPU.Build.0 = Debug|Any CPU
		{F439341C-9F6D-4808-88D9-7F6CB9913D25}.Debug|x64.ActiveCfg = Debug|Any CPU
		{F439341C-9F6D-4808-88D9-7F6CB9913D25}.Debug|x64.Build.0 = Debug|Any CPU
		{F439341C-9F6D-4808-88D9-7F6CB9913D25}.Debug|x86.ActiveCfg = Debug|Any CPU
		{F439341C-9F6D-4808-88D9-7F6CB9913D25}.Debug|x86.Build.0 = Debug|Any CPU
		{F439341C-9F6D-4808-88D9-7F6CB9913D25}.Release|Any CPU.ActiveCfg = Release|Any CPU
		{F439341C-9F6D-4808-88D9-7F6CB9913D25}.Release|Any CPU.Build.0 = Release|Any CPU
		{F439341C-9F6D-4808-88D9-7F6CB9913D25}.Release|x64.ActiveCfg = Release|Any CPU
		{F439341C-9F6D-4808-88D9-7F6CB9913D25}.Release|x64.Build.0 = Release|Any CPU
		{F439341C-9F6D-4808-88D9-7F6CB9913D25}.Release|x86.ActiveCfg = Release|Any CPU
		{F439341C-9F6D-4808-88D9-7F6CB9913D25}.Release|x86.Build.0 = Release|Any CPU
		{96AC1788-A532-481B-916D-F91F80BB9C75}.Debug|Any CPU.ActiveCfg = Debug|Any CPU
		{96AC1788-A532-481B-916D-F91F80BB9C75}.Debug|Any CPU.Build.0 = Debug|Any CPU
		{96AC1788-A532-481B-916D-F91F80BB9C75}.Debug|x64.ActiveCfg = Debug|Any CPU
		{96AC1788-A532-481B-916D-F91F80BB9C75}.Debug|x64.Build.0 = Debug|Any CPU
		{96AC1788-A532-481B-916D-F91F80BB9C75}.Debug|x86.ActiveCfg = Debug|Any CPU
		{96AC1788-A532-481B-916D-F91F80BB9C75}.Debug|x86.Build.0 = Debug|Any CPU
		{96AC1788-A532-481B-916D-F91F80BB9C75}.Release|Any CPU.ActiveCfg = Release|Any CPU
		{96AC1788-A532-481B-916D-F91F80BB9C75}.Release|Any CPU.Build.0 = Release|Any CPU
		{96AC1788-A532-481B-916D-F91F80BB9C75}.Release|x64.ActiveCfg = Release|Any CPU
		{96AC1788-A532-481B-916D-F91F80BB9C75}.Release|x64.Build.0 = Release|Any CPU
		{96AC1788-A532-481B-916D-F91F80BB9C75}.Release|x86.ActiveCfg = Release|Any CPU
		{96AC1788-A532-481B-916D-F91F80BB9C75}.Release|x86.Build.0 = Release|Any CPU
	EndGlobalSection
	GlobalSection(SolutionProperties) = preSolution
		HideSolutionNode = FALSE
	EndGlobalSection
EndGlobal
